// !$*UTF8*$!
{
	archiveVersion = 1;
	classes = {
	};
	objectVersion = 50;
	objects = {

/* Begin PBXBuildFile section */
		8496D13D26481C5D00A68B3D /* AppDelegate.swift in Sources */ = {isa = PBXBuildFile; fileRef = 8496D13C26481C5D00A68B3D /* AppDelegate.swift */; };
		8496D13F26481C5D00A68B3D /* SceneDelegate.swift in Sources */ = {isa = PBXBuildFile; fileRef = 8496D13E26481C5D00A68B3D /* SceneDelegate.swift */; };
		8496D14126481C5D00A68B3D /* ViewController.swift in Sources */ = {isa = PBXBuildFile; fileRef = 8496D14026481C5D00A68B3D /* ViewController.swift */; };
		8496D14426481C5D00A68B3D /* Main.storyboard in Resources */ = {isa = PBXBuildFile; fileRef = 8496D14226481C5D00A68B3D /* Main.storyboard */; };
		8496D14626481C6200A68B3D /* Assets.xcassets in Resources */ = {isa = PBXBuildFile; fileRef = 8496D14526481C6200A68B3D /* Assets.xcassets */; };
		8496D14926481C6200A68B3D /* LaunchScreen.storyboard in Resources */ = {isa = PBXBuildFile; fileRef = 8496D14726481C6200A68B3D /* LaunchScreen.storyboard */; };
/* End PBXBuildFile section */

/* Begin PBXFileReference section */
		8496D13926481C5D00A68B3D /* Image-Slider-Using-CollectionView.app */ = {isa = PBXFileReference; explicitFileType = wrapper.application; includeInIndex = 0; path = "Image-Slider-Using-CollectionView.app"; sourceTree = BUILT_PRODUCTS_DIR; };
		8496D13C26481C5D00A68B3D /* AppDelegate.swift */ = {isa = PBXFileReference; lastKnownFileType = sourcecode.swift; path = AppDelegate.swift; sourceTree = "<group>"; };
		8496D13E26481C5D00A68B3D /* SceneDelegate.swift */ = {isa = PBXFileReference; lastKnownFileType = sourcecode.swift; path = SceneDelegate.swift; sourceTree = "<group>"; };
		8496D14026481C5D00A68B3D /* ViewController.swift */ = {isa = PBXFileReference; lastKnownFileType = sourcecode.swift; path = ViewController.swift; sourceTree = "<group>"; };
		8496D14326481C5D00A68B3D /* Base */ = {isa = PBXFileReference; lastKnownFileType = file.storyboard; name = Base; path = Base.lproj/Main.storyboard; sourceTree = "<group>"; };
		8496D14526481C6200A68B3D /* Assets.xcassets */ = {isa = PBXFileReference; lastKnownFileType = folder.assetcatalog; path = Assets.xcassets; sourceTree = "<group>"; };
		8496D14826481C6200A68B3D /* Base */ = {isa = PBXFileReference; lastKnownFileType = file.storyboard; name = Base; path = Base.lproj/LaunchScreen.storyboard; sourceTree = "<group>"; };
		8496D14A26481C6200A68B3D /* Info.plist */ = {isa = PBXFileReference; lastKnownFileType = text.plist.xml; path = Info.plist; sourceTree = "<group>"; };
/* End PBXFileReference section */

/* Begin PBXFrameworksBuildPhase section */
		8496D13626481C5D00A68B3D /* Frameworks */ = {
			isa = PBXFrameworksBuildPhase;
			buildActionMask = 2147483647;
			files = (
			);
			runOnlyForDeploymentPostprocessing = 0;
		};
/* End PBXFrameworksBuildPhase section */

/* Begin PBXGroup section */
		8496D13026481C5D00A68B3D = {
			isa = PBXGroup;
			children = (
				8496D13B26481C5D00A68B3D /* Image-Slider-Using-CollectionView */,
				8496D13A26481C5D00A68B3D /* Products */,
			);
			sourceTree = "<group>";
		};
		8496D13A26481C5D00A68B3D /* Products */ = {
			isa = PBXGroup;
			children = (
				8496D13926481C5D00A68B3D /* Image-Slider-Using-CollectionView.app */,
			);
			name = Products;
			sourceTree = "<group>";
		};
		8496D13B26481C5D00A68B3D /* Image-Slider-Using-CollectionView */ = {
			isa = PBXGroup;
			children = (
				8496D13C26481C5D00A68B3D /* AppDelegate.swift */,
				8496D13E26481C5D00A68B3D /* SceneDelegate.swift */,
				8496D14026481C5D00A68B3D /* ViewController.swift */,
				8496D14226481C5D00A68B3D /* Main.storyboard */,
				8496D14526481C6200A68B3D /* Assets.xcassets */,
				8496D14726481C6200A68B3D /* LaunchScreen.storyboard */,
				8496D14A26481C6200A68B3D /* Info.plist */,
			);
			path = "Image-Slider-Using-CollectionView";
			sourceTree = "<group>";
		};
/* End PBXGroup section */

/* Begin PBXNativeTarget section */
		8496D13826481C5D00A68B3D /* Image-Slider-Using-CollectionView */ = {
			isa = PBXNativeTarget;
			buildConfigurationList = 8496D14D26481C6200A68B3D /* Build configuration list for PBXNativeTarget "Image-Slider-Using-CollectionView" */;
			buildPhases = (
				8496D13526481C5D00A68B3D /* Sources */,
				8496D13626481C5D00A68B3D /* Frameworks */,
				8496D13726481C5D00A68B3D /* Resources */,
			);
			buildRules = (
			);
			dependencies = (
			);
			name = "Image-Slider-Using-CollectionView";
			productName = "Image-Slider-Using-CollectionView";
			productReference = 8496D13926481C5D00A68B3D /* Image-Slider-Using-CollectionView.app */;
			productType = "com.apple.product-type.application";
		};
/* End PBXNativeTarget section */

/* Begin PBXProject section */
		8496D13126481C5D00A68B3D /* Project object */ = {
			isa = PBXProject;
			attributes = {
				LastSwiftUpdateCheck = 1140;
				LastUpgradeCheck = 1140;
				ORGANIZATIONNAME = "Success Resource Pte Ltd.";
				TargetAttributes = {
					8496D13826481C5D00A68B3D = {
						CreatedOnToolsVersion = 11.4.1;
					};
				};
			};
			buildConfigurationList = 8496D13426481C5D00A68B3D /* Build configuration list for PBXProject "Image-Slider-Using-CollectionView" */;
			compatibilityVersion = "Xcode 9.3";
			developmentRegion = en;
			hasScannedForEncodings = 0;
			knownRegions = (
				en,
				Base,
			);
			mainGroup = 8496D13026481C5D00A68B3D;
			productRefGroup = 8496D13A26481C5D00A68B3D /* Products */;
			projectDirPath = "";
			projectRoot = "";
			targets = (
				8496D13826481C5D00A68B3D /* Image-Slider-Using-CollectionView */,
			);
		};
/* End PBXProject section */

/* Begin PBXResourcesBuildPhase section */
		8496D13726481C5D00A68B3D /* Resources */ = {
			isa = PBXResourcesBuildPhase;
			buildActionMask = 2147483647;
			files = (
				8496D14926481C6200A68B3D /* LaunchScreen.storyboard in Resources */,
				8496D14626481C6200A68B3D /* Assets.xcassets in Resources */,
				8496D14426481C5D00A68B3D /* Main.storyboard in Resources */,
			);
			runOnlyForDeploymentPostprocessing = 0;
		};
/* End PBXResourcesBuildPhase section */

/* Begin PBXSourcesBuildPhase section */
		8496D13526481C5D00A68B3D /* Sources */ = {
			isa = PBXSourcesBuildPhase;
			buildActionMask = 2147483647;
			files = (
				8496D14126481C5D00A68B3D /* ViewController.swift in Sources */,
				8496D13D26481C5D00A68B3D /* AppDelegate.swift in Sources */,
				8496D13F26481C5D00A68B3D /* SceneDelegate.swift in Sources */,
			);
			runOnlyForDeploymentPostprocessing = 0;
		};
/* End PBXSourcesBuildPhase section */

/* Begin PBXVariantGroup section */
		8496D14226481C5D00A68B3D /* Main.storyboard */ = {
			isa = PBXVariantGroup;
			children = (
				8496D14326481C5D00A68B3D /* Base */,
			);
			name = Main.storyboard;
			sourceTree = "<group>";
		};
		8496D14726481C6200A68B3D /* LaunchScreen.storyboard */ = {
			isa = PBXVariantGroup;
			children = (
				8496D14826481C6200A68B3D /* Base */,
			);
			name = LaunchScreen.storyboard;
			sourceTree = "<group>";
		};
/* End PBXVariantGroup section */

/* Begin XCBuildConfiguration section */
		8496D14B26481C6200A68B3D /* Debug */ = {
			isa = XCBuildConfiguration;
			buildSettings = {
				ALWAYS_SEARCH_USER_PATHS = NO;
				CLANG_ANALYZER_NONNULL = YES;
				CLANG_ANALYZER_NUMBER_OBJECT_CONVERSION = YES_AGGRESSIVE;
				CLANG_CXX_LANGUAGE_STANDARD = "gnu++14";
				CLANG_CXX_LIBRARY = "libc++";
				CLANG_ENABLE_MODULES = YES;
				CLANG_ENABLE_OBJC_ARC = YES;
				CLANG_ENABLE_OBJC_WEAK = YES;
				CLANG_WARN_BLOCK_CAPTURE_AUTORELEASING = YES;
				CLANG_WARN_BOOL_CONVERSION = YES;
				CLANG_WARN_COMMA = YES;
				CLANG_WARN_CONSTANT_CONVERSION = YES;
				CLANG_WARN_DEPRECATED_OBJC_IMPLEMENTATIONS = YES;
				CLANG_WARN_DIRECT_OBJC_ISA_USAGE = YES_ERROR;
				CLANG_WARN_DOCUMENTATION_COMMENTS = YES;
				CLANG_WARN_EMPTY_BODY = YES;
				CLANG_WARN_ENUM_CONVERSION = YES;
				CLANG_WARN_INFINITE_RECURSION = YES;
				CLANG_WARN_INT_CONVERSION = YES;
				CLANG_WARN_NON_LITERAL_NULL_CONVERSION = YES;
				CLANG_WARN_OBJC_IMPLICIT_RETAIN_SELF = YES;
				CLANG_WARN_OBJC_LITERAL_CONVERSION = YES;
				CLANG_WARN_OBJC_ROOT_CLASS = YES_ERROR;
				CLANG_WARN_RANGE_LOOP_ANALYSIS = YES;
				CLANG_WARN_STRICT_PROTOTYPES = YES;
				CLANG_WARN_SUSPICIOUS_MOVE = YES;
				CLANG_WARN_UNGUARDED_AVAILABILITY = YES_AGGRESSIVE;
				CLANG_WARN_UNREACHABLE_CODE = YES;
				CLANG_WARN__DUPLICATE_METHOD_MATCH = YES;
				COPY_PHASE_STRIP = NO;
				DEBUG_INFORMATION_FORMAT = dwarf;
				ENABLE_STRICT_OBJC_MSGSEND = YES;
				ENABLE_TESTABILITY = YES;
				GCC_C_LANGUAGE_STANDARD = gnu11;
				GCC_DYNAMIC_NO_PIC = NO;
				GCC_NO_COMMON_BLOCKS = YES;
				GCC_OPTIMIZATION_LEVEL = 0;
				GCC_PREPROCESSOR_DEFINITIONS = (
					"DEBUG=1",
					"$(inherited)",
				);
				GCC_WARN_64_TO_32_BIT_CONVERSION = YES;
				GCC_WARN_ABOUT_RETURN_TYPE = YES_ERROR;
				GCC_WARN_UNDECLARED_SELECTOR = YES;
				GCC_WARN_UNINITIALIZED_AUTOS = YES_AGGRESSIVE;
				GCC_WARN_UNUSED_FUNCTION = YES;
				GCC_WARN_UNUSED_VARIABLE = YES;
				IPHONEOS_DEPLOYMENT_TARGET = 13.4;
				MTL_ENABLE_DEBUG_INFO = INCLUDE_SOURCE;
				MTL_FAST_MATH = YES;
				ONLY_ACTIVE_ARCH = YES;
				SDKROOT = iphoneos;
				SWIFT_ACTIVE_COMPILATION_CONDITIONS = DEBUG;
				SWIFT_OPTIMIZATION_LEVEL = "-Onone";
			};
			name = Debug;
		};
		8496D14C26481C6200A68B3D /* Release */ = {
			isa = XCBuildConfiguration;
			buildSettings = {
				ALWAYS_SEARCH_USER_PATHS = NO;
				CLANG_ANALYZER_NONNULL = YES;
				CLANG_ANALYZER_NUMBER_OBJECT_CONVERSION = YES_AGGRESSIVE;
				CLANG_CXX_LANGUAGE_STANDARD = "gnu++14";
				CLANG_CXX_LIBRARY = "libc++";
				CLANG_ENABLE_MODULES = YES;
				CLANG_ENABLE_OBJC_ARC = YES;
				CLANG_ENABLE_OBJC_WEAK = YES;
				CLANG_WARN_BLOCK_CAPTURE_AUTORELEASING = YES;
				CLANG_WARN_BOOL_CONVERSION = YES;
				CLANG_WARN_COMMA = YES;
				CLANG_WARN_CONSTANT_CONVERSION = YES;
				CLANG_WARN_DEPRECATED_OBJC_IMPLEMENTATIONS = YES;
				CLANG_WARN_DIRECT_OBJC_ISA_USAGE = YES_ERROR;
				CLANG_WARN_DOCUMENTATION_COMMENTS = YES;
				CLANG_WARN_EMPTY_BODY = YES;
				CLANG_WARN_ENUM_CONVERSION = YES;
				CLANG_WARN_INFINITE_RECURSION = YES;
				CLANG_WARN_INT_CONVERSION = YES;
				CLANG_WARN_NON_LITERAL_NULL_CONVERSION = YES;
				CLANG_WARN_OBJC_IMPLICIT_RETAIN_SELF = YES;
				CLANG_WARN_OBJC_LITERAL_CONVERSION = YES;
				CLANG_WARN_OBJC_ROOT_CLASS = YES_ERROR;
				CLANG_WARN_RANGE_LOOP_ANALYSIS = YES;
				CLANG_WARN_STRICT_PROTOTYPES = YES;
				CLANG_WARN_SUSPICIOUS_MOVE = YES;
				CLANG_WARN_UNGUARDED_AVAILABILITY = YES_AGGRESSIVE;
				CLANG_WARN_UNREACHABLE_CODE = YES;
				CLANG_WARN__DUPLICATE_METHOD_MATCH = YES;
				COPY_PHASE_STRIP = NO;
				DEBUG_INFORMATION_FORMAT = "dwarf-with-dsym";
				ENABLE_NS_ASSERTIONS = NO;
				ENABLE_STRICT_OBJC_MSGSEND = YES;
				GCC_C_LANGUAGE_STANDARD = gnu11;
				GCC_NO_COMMON_BLOCKS = YES;
				GCC_WARN_64_TO_32_BIT_CONVERSION = YES;
				GCC_WARN_ABOUT_RETURN_TYPE = YES_ERROR;
				GCC_WARN_UNDECLARED_SELECTOR = YES;
				GCC_WARN_UNINITIALIZED_AUTOS = YES_AGGRESSIVE;
				GCC_WARN_UNUSED_FUNCTION = YES;
				GCC_WARN_UNUSED_VARIABLE = YES;
				IPHONEOS_DEPLOYMENT_TARGET = 13.4;
				MTL_ENABLE_DEBUG_INFO = NO;
				MTL_FAST_MATH = YES;
				SDKROOT = iphoneos;
				SWIFT_COMPILATION_MODE = wholemodule;
				SWIFT_OPTIMIZATION_LEVEL = "-O";
				VALIDATE_PRODUCT = YES;
			};
			name = Release;
		};
		8496D14E26481C6200A68B3D /* Debug */ = {
			isa = XCBuildConfiguration;
			buildSettings = {
				ASSETCATALOG_COMPILER_APPICON_NAME = AppIcon;
				CODE_SIGN_STYLE = Automatic;
				INFOPLIST_FILE = "Image-Slider-Using-CollectionView/Info.plist";
				LD_RUNPATH_SEARCH_PATHS = (
					"$(inherited)",
					"@executable_path/Frameworks",
				);
				PRODUCT_BUNDLE_IDENTIFIER = "com.sr.Image-Slider-Using-CollectionView";
				PRODUCT_NAME = "$(TARGET_NAME)";
				SWIFT_VERSION = 5.0;
				TARGETED_DEVICE_FAMILY = "1,2";
			};
			name = Debug;
		};
		8496D14F26481C6200A68B3D /* Release */ = {
			isa = XCBuildConfiguration;
			buildSettings = {
				ASSETCATALOG_COMPILER_APPICON_NAME = AppIcon;
				CODE_SIGN_STYLE = Automatic;
				INFOPLIST_FILE = "Image-Slider-Using-CollectionView/Info.plist";
				LD_RUNPATH_SEARCH_PATHS = (
					"$(inherited)",
					"@executable_path/Frameworks",
				);
				PRODUCT_BUNDLE_IDENTIFIER = "com.sr.Image-Slider-Using-CollectionView";
				PRODUCT_NAME = "$(TARGET_NAME)";
				SWIFT_VERSION = 5.0;
				TARGETED_DEVICE_FAMILY = "1,2";
			};
			name = Release;
		};
/* End XCBuildConfiguration section */

/* Begin XCConfigurationList section */
		8496D13426481C5D00A68B3D /* Build configuration list for PBXProject "Image-Slider-Using-CollectionView" */ = {
			isa = XCConfigurationList;
			buildConfigurations = (
				8496D14B26481C6200A68B3D /* Debug */,
				8496D14C26481C6200A68B3D /* Release */,
			);
			defaultConfigurationIsVisible = 0;
			defaultConfigurationName = Release;
		};
		8496D14D26481C6200A68B3D /* Build configuration list for PBXNativeTarget "Image-Slider-Using-CollectionView" */ = {
			isa = XCConfigurationList;
			buildConfigurations = (
				8496D14E26481C6200A68B3D /* Debug */,
				8496D14F26481C6200A68B3D /* Release */,
			);
			defaultConfigurationIsVisible = 0;
			defaultConfigurationName = Release;
		};
/* End XCConfigurationList section */
	};
	rootObject = 8496D13126481C5D00A68B3D /* Project object */;
}
